{
  "version": 1,
  "dependencies": {
    "net10.0-windows10.0.19041": {
      "coverlet.collector": {
        "type": "Direct",
        "requested": "[6.0.0, )",
        "resolved": "6.0.0",
        "contentHash": "tW3lsNS+dAEII6YGUX/VMoJjBS1QvsxqJeqLaJXub08y1FSjasFPtQ4UBUsudE9PNrzLjooClMsPtY2cZLdXpQ=="
      },
      "Microsoft.NET.Test.Sdk": {
        "type": "Direct",
        "requested": "[17.6.0, )",
        "resolved": "17.6.0",
        "contentHash": "tHyg4C6c89QvLv6Utz3xKlba4EeoyJyIz59Q1NrjRENV7gfGnSE6I+sYPIbVOzQttoo2zpHDgOK/p6Hw2OlD7A==",
        "dependencies": {
          "Microsoft.CodeCoverage": "17.6.0",
          "Microsoft.TestPlatform.TestHost": "17.6.0"
        }
      },
      "MSTest.TestAdapter": {
        "type": "Direct",
        "requested": "[3.0.4, )",
        "resolved": "3.0.4",
        "contentHash": "18THEGVcU4fbAOZWvRtEyvQCnZ/o+3LFAiFbAkWYh63GC5TmHoJ10IUiF9L02SMmbLbWpH1/PxvO7mcInIY4/Q=="
      },
      "MSTest.TestFramework": {
        "type": "Direct",
        "requested": "[3.0.4, )",
        "resolved": "3.0.4",
        "contentHash": "hYq5xOOr2k09rtXpmcHkJ4Tdt/yS4cy8jiFPNMdDJP+lB6OY8yekOmQC4Fsvug4rhLpXGDd6zbPWYeoewqfePA=="
      },
      "AvalonEdit": {
        "type": "Transitive",
        "resolved": "6.3.0.90",
        "contentHash": "WVTb5MxwGqKdeasd3nG5udlV4t6OpvkFanziwI133K0/QJ5FvZmfzRQgpAjGTJhQfIA8GP7AzKQ3sTY9JOFk8Q=="
      },
      "bloomtom.HttpProgress": {
        "type": "Transitive",
        "resolved": "2.3.2",
        "contentHash": "DxnFhxZqMYJl08gs3b75UUjTN86YUN29hRPYXova3eS3q+XTi1kW9I/bHuBH2VDn33F6fE2XlKkVu7Jz/gzGxw=="
      },
      "DotNetProjects.Extended.Wpf.Toolkit": {
        "type": "Transitive",
        "resolved": "5.0.106",
        "contentHash": "EX5uG2TIlX3MvPPKiePY9rwsOuVqlUmCF4DKxouv+c4Y+YP3G/tEj3TDwKMlAoWVNX3slphHGURswuIJr6D28w=="
      },
      "H.NotifyIcon": {
        "type": "Transitive",
        "resolved": "2.0.74",
        "contentHash": "mYXYGynDKkYh73D3rLYNpNh2Qoj98FAsI6s6MSyXNc/327kfhtKK5D6SN4j4hLJCqgxlT8ecD/zJzARB2qr27g==",
        "dependencies": {
          "System.Drawing.Common": "6.0.0"
        }
      },
      "H.NotifyIcon.Wpf": {
        "type": "Transitive",
        "resolved": "2.0.74",
        "contentHash": "Knwt1NAOuHh52BfbOY7IVFGtIbX/mWPCkUR8GgDuyXWW0RK7r5dQ94Z+rnGa08Q2bB1KmHLEKYcnonhZrZ0Mng==",
        "dependencies": {
          "H.NotifyIcon": "2.0.74"
        }
      },
      "MdXaml": {
        "type": "Transitive",
        "resolved": "1.27.0",
        "contentHash": "VWhqhCeKVkJe8vkPmXuGZlRX01WDrTugOLeUvJn18jH/8DrGGVBvtgIlJoELHD2f1DiEWqF3lxxjV55vnzE7Tg==",
        "dependencies": {
          "AvalonEdit": "6.3.0.90",
          "MdXaml.Plugins": "1.27.0"
        }
      },
      "MdXaml.Plugins": {
        "type": "Transitive",
        "resolved": "1.27.0",
        "contentHash": "We7LtBdoukRg9mqTfa1f5n8z/GQPMKBRj3URk9DiMuqzIHkW1lTgK5njVPSScxsRt4YzW22423tSnLWNm2MJKg=="
      },
      "Microsoft.CodeCoverage": {
        "type": "Transitive",
        "resolved": "17.6.0",
        "contentHash": "5v2GwzpR7JEuQUzupjx3zLwn2FutADW/weLzLt726DR3WXxsM+ICPoJG6pxuKFsumtZp890UrVuudTUhsE8Qyg=="
      },
      "Microsoft.NETCore.Platforms": {
        "type": "Transitive",
        "resolved": "5.0.0",
        "contentHash": "VyPlqzH2wavqquTcYpkIIAQ6WdenuKoFN0BdYBbCWsclXacSOHNQn66Gt4z5NBqEYW0FAPm5rlvki9ZiCij5xQ=="
      },
      "Microsoft.TestPlatform.ObjectModel": {
        "type": "Transitive",
        "resolved": "17.6.0",
        "contentHash": "AA/rrf5zwC5/OBLEOajkhjbVTM3SvxRXy8kcQ8e4mJKojbyZvqqhpfNg362N9vXU94DLg9NUTFOAnoYVT0pTJw==",
        "dependencies": {
          "NuGet.Frameworks": "5.11.0"
        }
      },
      "Microsoft.TestPlatform.TestHost": {
        "type": "Transitive",
        "resolved": "17.6.0",
        "contentHash": "7YdgUcIeCPVKLC7n7LNKDiEHWc7z3brkkYPdUbDnFsvf6WvY9UfzS0VSUJ8P2NgN0CDSD223GCJFSjSBLZRqOQ==",
        "dependencies": {
          "Microsoft.TestPlatform.ObjectModel": "17.6.0",
          "Newtonsoft.Json": "13.0.1"
        }
      },
      "Microsoft.Win32.SystemEvents": {
        "type": "Transitive",
        "resolved": "6.0.0",
        "contentHash": "hqTM5628jSsQiv+HGpiq3WKBl2c8v1KZfby2J6Pr7pEPlK9waPdgEO6b8A/+/xn/yZ9ulv8HuqK71ONy2tg67A=="
      },
      "NAudio": {
        "type": "Transitive",
        "resolved": "2.2.1",
        "contentHash": "c0DzwiyyklM0TP39Y7RObwO3QkWecgM6H60ikiEnsV/aEAJPbj5MFCLaD8BSfKuZe0HGuh9GRGWWlJmSxDc9MA==",
        "dependencies": {
          "NAudio.Asio": "2.2.1",
          "NAudio.Core": "2.2.1",
          "NAudio.Midi": "2.2.1",
          "NAudio.Wasapi": "2.2.1",
          "NAudio.WinForms": "2.2.1",
          "NAudio.WinMM": "2.2.1"
        }
      },
      "NAudio.Asio": {
        "type": "Transitive",
        "resolved": "2.2.1",
        "contentHash": "hQglyOT5iT3XuGpBP8ZG0+aoqwRfidHjTNehpoWwX0g6KJEgtH2VaqM2nuJ2mheKZa/IBqB4YQTZVvrIapzfOA==",
        "dependencies": {
          "NAudio.Core": "2.2.1"
        }
      },
      "NAudio.Core": {
        "type": "Transitive",
        "resolved": "2.2.1",
        "contentHash": "GgkdP6K/7FqXFo7uHvoqGZTJvW4z8g2IffhOO4JHaLzKCdDOUEzVKtveoZkCuUX8eV2HAINqi7VFqlFndrnz/g=="
      },
      "NAudio.Midi": {
        "type": "Transitive",
        "resolved": "2.2.1",
        "contentHash": "6r23ylGo5aeP02WFXsPquz0T0hFJWyh+7t++tz19tc3Kr38NHm+Z9j+FiAv+xkH8tZqXJqus9Q8p6u7bidIgbw==",
        "dependencies": {
          "NAudio.Core": "2.2.1"
        }
      },
      "NAudio.Wasapi": {
        "type": "Transitive",
        "resolved": "2.2.1",
        "contentHash": "lFfXoqacZZe0WqNChJgGYI+XV/n/61LzPHT3C1CJp4khoxeo2sziyX5wzNYWeCMNbsWxFvT3b3iXeY1UYjBhZw==",
        "dependencies": {
          "NAudio.Core": "2.2.1"
        }
      },
      "NAudio.WinForms": {
        "type": "Transitive",
        "resolved": "2.2.1",
        "contentHash": "DlDkewY1myY0A+3NrYRJD+MZhZV0yy1mNF6dckB27IQ9XCs/My5Ip8BZcoSHOsaPSe2GAjvoaDnk6N9w8xTv7w==",
        "dependencies": {
          "NAudio.WinMM": "2.2.1"
        }
      },
      "NAudio.WinMM": {
        "type": "Transitive",
        "resolved": "2.2.1",
        "contentHash": "xFHRFwH4x6aq3IxRbewvO33ugJRvZFEOfO62i7uQJRUNW2cnu6BeBTHUS0JD5KBucZbHZaYqxQG8dwZ47ezQuQ==",
        "dependencies": {
          "NAudio.Core": "2.2.1"
        }
      },
      "Newtonsoft.Json": {
        "type": "Transitive",
        "resolved": "13.0.1",
        "contentHash": "ppPFpBcvxdsfUonNcvITKqLl3bqxWbDCZIzDWHzjpdAHRFfZe0Dw9HmA0+za13IdyrgJwpkDTDA9fHaxOrt20A=="
      },
      "NLog": {
        "type": "Transitive",
        "resolved": "5.1.1",
        "contentHash": "YBfUDzipCaucs+8ieCDp8XECumiWsQbZwSUVLlt9i7FGV03nOPqoVzLtmlhbTxq4TN92BBsLacqPAE/ZyDDJ1g=="
      },
      "NuGet.Frameworks": {
        "type": "Transitive",
        "resolved": "5.11.0",
        "contentHash": "eaiXkUjC4NPcquGWzAGMXjuxvLwc6XGKMptSyOGQeT0X70BUZObuybJFZLA0OfTdueLd3US23NBPTBb6iF3V1Q=="
      },
      "Ookii.Dialogs.Wpf": {
        "type": "Transitive",
        "resolved": "5.0.1",
        "contentHash": "iZNnZwqTpK0cfR0vkotncP1c025/PHlIdzc7iEKBYwhVv1V0zXp9/RT/O0kMhsmlwXqRxxbE4pdhfinbJXtjPg=="
      },
      "System.CodeDom": {
        "type": "Transitive",
        "resolved": "7.0.0",
        "contentHash": "GLltyqEsE5/3IE+zYRP5sNa1l44qKl9v+bfdMcwg+M9qnQf47wK3H0SUR/T+3N4JEQXF3vV4CSuuo0rsg+nq2A=="
      },
      "System.Diagnostics.EventLog": {
        "type": "Transitive",
        "resolved": "5.0.0",
        "contentHash": "FHkCwUfsTs+/5tsK+c0egLfacUgbhvcwi3wUFWSEEArSXao343mYqcpOVVFMlcCkdNtjU4YwAWaKYwal6f02og==",
        "dependencies": {
          "Microsoft.NETCore.Platforms": "5.0.0"
        }
      },
      "System.Drawing.Common": {
        "type": "Transitive",
        "resolved": "6.0.0",
        "contentHash": "NfuoKUiP2nUWwKZN6twGqXioIe1zVD0RIj2t976A+czLHr2nY454RwwXs6JU9Htc6mwqL6Dn/nEL3dpVf2jOhg==",
        "dependencies": {
          "Microsoft.Win32.SystemEvents": "6.0.0"
        }
      },
      "System.Management": {
        "type": "Transitive",
        "resolved": "7.0.2",
        "contentHash": "/qEUN91mP/MUQmJnM5y5BdT7ZoPuVrtxnFlbJ8a3kBJGhe2wCzBfnPFtK2wTtEEcf3DMGR9J00GZZfg6HRI6yA==",
        "dependencies": {
          "System.CodeDom": "7.0.0"
        }
      },
      "TaskScheduler": {
        "type": "Transitive",
        "resolved": "2.10.1",
        "contentHash": "12b19oq9SOGbBq8745jQVQ08jAjgnsGXidQfclaZ94UZCtJRPkNfM8pz0D7pj04RHcQJQdZZnAUuC93reALqNg==",
        "dependencies": {
          "System.Diagnostics.EventLog": "5.0.0"
        }
      },
      "WPFLocalizeExtension": {
        "type": "Transitive",
        "resolved": "3.9.4",
        "contentHash": "0Nw59pTWCv7C8MLo/fotKcINmdr33M0Q+Z4YsaOSEa+KMdRnrTiabDGAbuyVcp5wrsMZZc38T9PQT0P9hJ8+kA==",
        "dependencies": {
          "System.Drawing.Common": "6.0.0",
          "System.Management": "6.0.0",
          "XAMLMarkupExtensions": "2.1.3"
        }
      },
      "WpfScreenHelper": {
        "type": "Transitive",
        "resolved": "2.1.0",
        "contentHash": "ZzS/lkme7QcYIvQgsVw9D1OuI/fSrNnoDXXDCrFmacYVvdGXOQlGEeQBbKdBP9r4k+3CsUQMZq59RU99I9Mjhw=="
      },
      "XAMLMarkupExtensions": {
        "type": "Transitive",
        "resolved": "2.1.3",
        "contentHash": "8HAZJPLMd3NQw6h6YapkjDu37SrZFobVgp5bZWq5iRn8/1ptA/Jy8kkzDj6V8+224+nYl43kQYzvYELEI4+rNg=="
      },
      "pureds4": {
        "type": "Project",
        "dependencies": {
          "DotNetProjects.Extended.Wpf.Toolkit": "[5.0.106, )",
          "H.NotifyIcon.Wpf": "[2.0.74, )",
          "MdXaml": "[1.27.0, )",
          "NAudio": "[2.2.1, )",
          "NLog": "[5.1.1, )",
          "Ookii.Dialogs.Wpf": "[5.0.1, )",
          "System.Management": "[7.0.2, )",
          "TaskScheduler": "[2.10.1, )",
          "WPFLocalizeExtension": "[3.9.4, )",
          "WpfScreenHelper": "[2.1.0, )",
          "bloomtom.HttpProgress": "[2.3.2, )"
        }
      }
    },
    "net10.0-windows10.0.19041/win-x64": {
      "Microsoft.Win32.SystemEvents": {
        "type": "Transitive",
        "resolved": "6.0.0",
        "contentHash": "hqTM5628jSsQiv+HGpiq3WKBl2c8v1KZfby2J6Pr7pEPlK9waPdgEO6b8A/+/xn/yZ9ulv8HuqK71ONy2tg67A=="
      },
      "System.Diagnostics.EventLog": {
        "type": "Transitive",
        "resolved": "5.0.0",
        "contentHash": "FHkCwUfsTs+/5tsK+c0egLfacUgbhvcwi3wUFWSEEArSXao343mYqcpOVVFMlcCkdNtjU4YwAWaKYwal6f02og==",
        "dependencies": {
          "Microsoft.NETCore.Platforms": "5.0.0"
        }
      },
      "System.Drawing.Common": {
        "type": "Transitive",
        "resolved": "6.0.0",
        "contentHash": "NfuoKUiP2nUWwKZN6twGqXioIe1zVD0RIj2t976A+czLHr2nY454RwwXs6JU9Htc6mwqL6Dn/nEL3dpVf2jOhg==",
        "dependencies": {
          "Microsoft.Win32.SystemEvents": "6.0.0"
        }
      },
      "System.Management": {
        "type": "Transitive",
        "resolved": "7.0.2",
        "contentHash": "/qEUN91mP/MUQmJnM5y5BdT7ZoPuVrtxnFlbJ8a3kBJGhe2wCzBfnPFtK2wTtEEcf3DMGR9J00GZZfg6HRI6yA==",
        "dependencies": {
          "System.CodeDom": "7.0.0"
        }
      }
    },
    "net10.0-windows10.0.19041/win-x86": {
      "Microsoft.Win32.SystemEvents": {
        "type": "Transitive",
        "resolved": "6.0.0",
        "contentHash": "hqTM5628jSsQiv+HGpiq3WKBl2c8v1KZfby2J6Pr7pEPlK9waPdgEO6b8A/+/xn/yZ9ulv8HuqK71ONy2tg67A=="
      },
      "System.Diagnostics.EventLog": {
        "type": "Transitive",
        "resolved": "5.0.0",
        "contentHash": "FHkCwUfsTs+/5tsK+c0egLfacUgbhvcwi3wUFWSEEArSXao343mYqcpOVVFMlcCkdNtjU4YwAWaKYwal6f02og==",
        "dependencies": {
          "Microsoft.NETCore.Platforms": "5.0.0"
        }
      },
      "System.Drawing.Common": {
        "type": "Transitive",
        "resolved": "6.0.0",
        "contentHash": "NfuoKUiP2nUWwKZN6twGqXioIe1zVD0RIj2t976A+czLHr2nY454RwwXs6JU9Htc6mwqL6Dn/nEL3dpVf2jOhg==",
        "dependencies": {
          "Microsoft.Win32.SystemEvents": "6.0.0"
        }
      },
      "System.Management": {
        "type": "Transitive",
        "resolved": "7.0.2",
        "contentHash": "/qEUN91mP/MUQmJnM5y5BdT7ZoPuVrtxnFlbJ8a3kBJGhe2wCzBfnPFtK2wTtEEcf3DMGR9J00GZZfg6HRI6yA==",
        "dependencies": {
          "System.CodeDom": "7.0.0"
        }
      }
    }
  }
}