{
  "version": 1,
  "dependencies": {
    "net8.0-windows7.0": {
      "Microsoft.NET.ILLink.Tasks": {
        "type": "Direct",
        "requested": "[8.0.27, )",
        "resolved": "8.0.27",
        "contentHash": "rQi9TxifHRnXP7lVRZH05DxD2/XGbJp12q0ozcbrlBlBnyyzssFTH/2vLhtKWUp2CT1qVscTrcYTFiwTyKPKRg=="
      },
      "WixToolset.BootstrapperApplicationApi": {
        "type": "Direct",
        "requested": "[5.0.2, )",
        "resolved": "5.0.2",
        "contentHash": "frVyP8xhlk2N1aDsTSuFJzra8tdOkeWjgs8UbwbA7dHVkm9ID0w/GUhl9vHPTCg9k4DTzmF2XT3AgX+SsjuXMQ=="
      }
    },
    "net8.0-windows7.0/win-x64": {
      "WixToolset.BootstrapperApplicationApi": {
        "type": "Direct",
        "requested": "[5.0.2, )",
        "resolved": "5.0.2",
        "contentHash": "frVyP8xhlk2N1aDsTSuFJzra8tdOkeWjgs8UbwbA7dHVkm9ID0w/GUhl9vHPTCg9k4DTzmF2XT3AgX+SsjuXMQ=="
      }
    }
  }
}